
Microsoft Visual Studio Solution File, Format Version 12.00
# Visual Studio Version 17
VisualStudioVersion = 17.11.35327.3
MinimumVisualStudioVersion = 10.0.40219.1
Project("{FAE04EC0-301F-11D3-BF4B-00C04F79EFBC}") = "ConsultorioDeSeguros", "ConsultorioDeSeguros\ConsultorioDeSeguros.csproj", "{6C0B0CFA-48AF-43ED-A75F-BFE3C750BB8C}"
EndProject
Global
	GlobalSection(SolutionConfigurationPlatforms) = preSolution
		Debug|Any CPU = Debug|Any CPU
		Release|Any CPU = Release|Any CPU
	EndGlobalSection
	GlobalSection(ProjectConfigurationPlatforms) = postSolution
		{6C0B0CFA-48AF-43ED-A75F-BFE3C750BB8C}.Debug|Any CPU.ActiveCfg = Debug|Any CPU
		{6C0B0CFA-48AF-43ED-A75F-BFE3C750BB8C}.Debug|Any CPU.Build.0 = Debug|Any CPU
		{6C0B0CFA-48AF-43ED-A75F-BFE3C750BB8C}.Release|Any CPU.ActiveCfg = Release|Any CPU
		{6C0B0CFA-48AF-43ED-A75F-BFE3C750BB8C}.Release|Any CPU.Build.0 = Release|Any CPU
	EndGlobalSection
	GlobalSection(SolutionProperties) = preSolution
		HideSolutionNode = FALSE
	EndGlobalSection
	GlobalSection(ExtensibilityGlobals) = postSolution
		SolutionGuid = {7E7B8AEF-A9AD-4155-864E-0092FF23D643}
	EndGlobalSection
EndGlobal
